// !$*UTF8*$!
{
	archiveVersion = 1;
	classes = {
	};
	objectVersion = 48;
	objects = {

/* Begin PBXBuildFile section */
		BFCFDB34206F0A2F00365701 /* AppDelegate.swift in Sources */ = {isa = PBXBuildFile; fileRef = BFCFDB33206F0A2F00365701 /* AppDelegate.swift */; };
		BFCFDB36206F0A2F00365701 /* GameScene.sks in Resources */ = {isa = PBXBuildFile; fileRef = BFCFDB35206F0A2F00365701 /* GameScene.sks */; };
		BFCFDB38206F0A2F00365701 /* Actions.sks in Resources */ = {isa = PBXBuildFile; fileRef = BFCFDB37206F0A2F00365701 /* Actions.sks */; };
		BFCFDB3A206F0A2F00365701 /* GameScene.swift in Sources */ = {isa = PBXBuildFile; fileRef = BFCFDB39206F0A2F00365701 /* GameScene.swift */; };
		BFCFDB3C206F0A2F00365701 /* GameViewController.swift in Sources */ = {isa = PBXBuildFile; fileRef = BFCFDB3B206F0A2F00365701 /* GameViewController.swift */; };
		BFCFDB3F206F0A2F00365701 /* Main.storyboard in Resources */ = {isa = PBXBuildFile; fileRef = BFCFDB3D206F0A2F00365701 /* Main.storyboard */; };
		BFCFDB41206F0A2F00365701 /* Assets.xcassets in Resources */ = {isa = PBXBuildFile; fileRef = BFCFDB40206F0A2F00365701 /* Assets.xcassets */; };
		BFCFDB44206F0A2F00365701 /* LaunchScreen.storyboard in Resources */ = {isa = PBXBuildFile; fileRef = BFCFDB42206F0A2F00365701 /* LaunchScreen.storyboard */; };
/* End PBXBuildFile section */

/* Begin PBXFileReference section */
		BFCFDB30206F0A2F00365701 /* project-11.app */ = {isa = PBXFileReference; explicitFileType = wrapper.application; includeInIndex = 0; path = "project-11.app"; sourceTree = BUILT_PRODUCTS_DIR; };
		BFCFDB33206F0A2F00365701 /* AppDelegate.swift */ = {isa = PBXFileReference; lastKnownFileType = sourcecode.swift; path = AppDelegate.swift; sourceTree = "<group>"; };
		BFCFDB35206F0A2F00365701 /* GameScene.sks */ = {isa = PBXFileReference; lastKnownFileType = file.sks; path = GameScene.sks; sourceTree = "<group>"; };
		BFCFDB37206F0A2F00365701 /* Actions.sks */ = {isa = PBXFileReference; lastKnownFileType = file.sks; path = Actions.sks; sourceTree = "<group>"; };
		BFCFDB39206F0A2F00365701 /* GameScene.swift */ = {isa = PBXFileReference; lastKnownFileType = sourcecode.swift; path = GameScene.swift; sourceTree = "<group>"; };
		BFCFDB3B206F0A2F00365701 /* GameViewController.swift */ = {isa = PBXFileReference; lastKnownFileType = sourcecode.swift; path = GameViewController.swift; sourceTree = "<group>"; };
		BFCFDB3E206F0A2F00365701 /* Base */ = {isa = PBXFileReference; lastKnownFileType = file.storyboard; name = Base; path = Base.lproj/Main.storyboard; sourceTree = "<group>"; };
		BFCFDB40206F0A2F00365701 /* Assets.xcassets */ = {isa = PBXFileReference; lastKnownFileType = folder.assetcatalog; path = Assets.xcassets; sourceTree = "<group>"; };
		BFCFDB43206F0A2F00365701 /* Base */ = {isa = PBXFileReference; lastKnownFileType = file.storyboard; name = Base; path = Base.lproj/LaunchScreen.storyboard; sourceTree = "<group>"; };
		BFCFDB45206F0A2F00365701 /* Info.plist */ = {isa = PBXFileReference; lastKnownFileType = text.plist.xml; path = Info.plist; sourceTree = "<group>"; };
/* End PBXFileReference section */

/* Begin PBXFrameworksBuildPhase section */
		BFCFDB2D206F0A2F00365701 /* Frameworks */ = {
			isa = PBXFrameworksBuildPhase;
			buildActionMask = 2147483647;
			files = (
			);
			runOnlyForDeploymentPostprocessing = 0;
		};
/* End PBXFrameworksBuildPhase section */

/* Begin PBXGroup section */
		BFCFDB27206F0A2F00365701 = {
			isa = PBXGroup;
			children = (
				BFCFDB32206F0A2F00365701 /* project-11 */,
				BFCFDB31206F0A2F00365701 /* Products */,
			);
			sourceTree = "<group>";
		};
		BFCFDB31206F0A2F00365701 /* Products */ = {
			isa = PBXGroup;
			children = (
				BFCFDB30206F0A2F00365701 /* project-11.app */,
			);
			name = Products;
			sourceTree = "<group>";
		};
		BFCFDB32206F0A2F00365701 /* project-11 */ = {
			isa = PBXGroup;
			children = (
				BFCFDB33206F0A2F00365701 /* AppDelegate.swift */,
				BFCFDB35206F0A2F00365701 /* GameScene.sks */,
				BFCFDB37206F0A2F00365701 /* Actions.sks */,
				BFCFDB39206F0A2F00365701 /* GameScene.swift */,
				BFCFDB3B206F0A2F00365701 /* GameViewController.swift */,
				BFCFDB3D206F0A2F00365701 /* Main.storyboard */,
				BFCFDB40206F0A2F00365701 /* Assets.xcassets */,
				BFCFDB42206F0A2F00365701 /* LaunchScreen.storyboard */,
				BFCFDB45206F0A2F00365701 /* Info.plist */,
			);
			path = "project-11";
			sourceTree = "<group>";
		};
/* End PBXGroup section */

/* Begin PBXNativeTarget section */
		BFCFDB2F206F0A2F00365701 /* project-11 */ = {
			isa = PBXNativeTarget;
			buildConfigurationList = BFCFDB48206F0A2F00365701 /* Build configuration list for PBXNativeTarget "project-11" */;
			buildPhases = (
				BFCFDB2C206F0A2F00365701 /* Sources */,
				BFCFDB2D206F0A2F00365701 /* Frameworks */,
				BFCFDB2E206F0A2F00365701 /* Resources */,
			);
			buildRules = (
			);
			dependencies = (
			);
			name = "project-11";
			productName = "project-11";
			productReference = BFCFDB30206F0A2F00365701 /* project-11.app */;
			productType = "com.apple.product-type.application";
		};
/* End PBXNativeTarget section */

/* Begin PBXProject section */
		BFCFDB28206F0A2F00365701 /* Project object */ = {
			isa = PBXProject;
			attributes = {
				LastSwiftUpdateCheck = 0920;
				LastUpgradeCheck = 0920;
				ORGANIZATIONNAME = "Amanda Reinhard";
				TargetAttributes = {
					BFCFDB2F206F0A2F00365701 = {
						CreatedOnToolsVersion = 9.2;
						ProvisioningStyle = Automatic;
					};
				};
			};
			buildConfigurationList = BFCFDB2B206F0A2F00365701 /* Build configuration list for PBXProject "project-11" */;
			compatibilityVersion = "Xcode 8.0";
			developmentRegion = en;
			hasScannedForEncodings = 0;
			knownRegions = (
				en,
				Base,
			);
			mainGroup = BFCFDB27206F0A2F00365701;
			productRefGroup = BFCFDB31206F0A2F00365701 /* Products */;
			projectDirPath = "";
			projectRoot = "";
			targets = (
				BFCFDB2F206F0A2F00365701 /* project-11 */,
			);
		};
/* End PBXProject section */

/* Begin PBXResourcesBuildPhase section */
		BFCFDB2E206F0A2F00365701 /* Resources */ = {
			isa = PBXResourcesBuildPhase;
			buildActionMask = 2147483647;
			files = (
				BFCFDB3F206F0A2F00365701 /* Main.storyboard in Resources */,
				BFCFDB36206F0A2F00365701 /* GameScene.sks in Resources */,
				BFCFDB41206F0A2F00365701 /* Assets.xcassets in Resources */,
				BFCFDB44206F0A2F00365701 /* LaunchScreen.storyboard in Resources */,
				BFCFDB38206F0A2F00365701 /* Actions.sks in Resources */,
			);
			runOnlyForDeploymentPostprocessing = 0;
		};
/* End PBXResourcesBuildPhase section */

/* Begin PBXSourcesBuildPhase section */
		BFCFDB2C206F0A2F00365701 /* Sources */ = {
			isa = PBXSourcesBuildPhase;
			buildActionMask = 2147483647;
			files = (
				BFCFDB3A206F0A2F00365701 /* GameScene.swift in Sources */,
				BFCFDB3C206F0A2F00365701 /* GameViewController.swift in Sources */,
				BFCFDB34206F0A2F00365701 /* AppDelegate.swift in Sources */,
			);
			runOnlyForDeploymentPostprocessing = 0;
		};
/* End PBXSourcesBuildPhase section */

/* Begin PBXVariantGroup section */
		BFCFDB3D206F0A2F00365701 /* Main.storyboard */ = {
			isa = PBXVariantGroup;
			children = (
				BFCFDB3E206F0A2F00365701 /* Base */,
			);
			name = Main.storyboard;
			sourceTree = "<group>";
		};
		BFCFDB42206F0A2F00365701 /* LaunchScreen.storyboard */ = {
			isa = PBXVariantGroup;
			children = (
				BFCFDB43206F0A2F00365701 /* Base */,
			);
			name = LaunchScreen.storyboard;
			sourceTree = "<group>";
		};
/* End PBXVariantGroup section */

/* Begin XCBuildConfiguration section */
		BFCFDB46206F0A2F00365701 /* Debug */ = {
			isa = XCBuildConfiguration;
			buildSettings = {
				ALWAYS_SEARCH_USER_PATHS = NO;
				CLANG_ANALYZER_NONNULL = YES;
				CLANG_ANALYZER_NUMBER_OBJECT_CONVERSION = YES_AGGRESSIVE;
				CLANG_CXX_LANGUAGE_STANDARD = "gnu++14";
				CLANG_CXX_LIBRARY = "libc++";
				CLANG_ENABLE_MODULES = YES;
				CLANG_ENABLE_OBJC_ARC = YES;
				CLANG_WARN_BLOCK_CAPTURE_AUTORELEASING = YES;
				CLANG_WARN_BOOL_CONVERSION = YES;
				CLANG_WARN_COMMA = YES;
				CLANG_WARN_CONSTANT_CONVERSION = YES;
				CLANG_WARN_DIRECT_OBJC_ISA_USAGE = YES_ERROR;
				CLANG_WARN_DOCUMENTATION_COMMENTS = YES;
				CLANG_WARN_EMPTY_BODY = YES;
				CLANG_WARN_ENUM_CONVERSION = YES;
				CLANG_WARN_INFINITE_RECURSION = YES;
				CLANG_WARN_INT_CONVERSION = YES;
				CLANG_WARN_NON_LITERAL_NULL_CONVERSION = YES;
				CLANG_WARN_OBJC_LITERAL_CONVERSION = YES;
				CLANG_WARN_OBJC_ROOT_CLASS = YES_ERROR;
				CLANG_WARN_RANGE_LOOP_ANALYSIS = YES;
				CLANG_WARN_STRICT_PROTOTYPES = YES;
				CLANG_WARN_SUSPICIOUS_MOVE = YES;
				CLANG_WARN_UNGUARDED_AVAILABILITY = YES_AGGRESSIVE;
				CLANG_WARN_UNREACHABLE_CODE = YES;
				CLANG_WARN__DUPLICATE_METHOD_MATCH = YES;
				CODE_SIGN_IDENTITY = "iPhone Developer";
				COPY_PHASE_STRIP = NO;
				DEBUG_INFORMATION_FORMAT = dwarf;
				ENABLE_STRICT_OBJC_MSGSEND = YES;
				ENABLE_TESTABILITY = YES;
				GCC_C_LANGUAGE_STANDARD = gnu11;
				GCC_DYNAMIC_NO_PIC = NO;
				GCC_NO_COMMON_BLOCKS = YES;
				GCC_OPTIMIZATION_LEVEL = 0;
				GCC_PREPROCESSOR_DEFINITIONS = (
					"DEBUG=1",
					"$(inherited)",
				);
				GCC_WARN_64_TO_32_BIT_CONVERSION = YES;
				GCC_WARN_ABOUT_RETURN_TYPE = YES_ERROR;
				GCC_WARN_UNDECLARED_SELECTOR = YES;
				GCC_WARN_UNINITIALIZED_AUTOS = YES_AGGRESSIVE;
				GCC_WARN_UNUSED_FUNCTION = YES;
				GCC_WARN_UNUSED_VARIABLE = YES;
				IPHONEOS_DEPLOYMENT_TARGET = 11.2;
				MTL_ENABLE_DEBUG_INFO = YES;
				ONLY_ACTIVE_ARCH = YES;
				SDKROOT = iphoneos;
				SWIFT_ACTIVE_COMPILATION_CONDITIONS = DEBUG;
				SWIFT_OPTIMIZATION_LEVEL = "-Onone";
			};
			name = Debug;
		};
		BFCFDB47206F0A2F00365701 /* Release */ = {
			isa = XCBuildConfiguration;
			buildSettings = {
				ALWAYS_SEARCH_USER_PATHS = NO;
				CLANG_ANALYZER_NONNULL = YES;
				CLANG_ANALYZER_NUMBER_OBJECT_CONVERSION = YES_AGGRESSIVE;
				CLANG_CXX_LANGUAGE_STANDARD = "gnu++14";
				CLANG_CXX_LIBRARY = "libc++";
				CLANG_ENABLE_MODULES = YES;
				CLANG_ENABLE_OBJC_ARC = YES;
				CLANG_WARN_BLOCK_CAPTURE_AUTORELEASING = YES;
				CLANG_WARN_BOOL_CONVERSION = YES;
				CLANG_WARN_COMMA = YES;
				CLANG_WARN_CONSTANT_CONVERSION = YES;
				CLANG_WARN_DIRECT_OBJC_ISA_USAGE = YES_ERROR;
				CLANG_WARN_DOCUMENTATION_COMMENTS = YES;
				CLANG_WARN_EMPTY_BODY = YES;
				CLANG_WARN_ENUM_CONVERSION = YES;
				CLANG_WARN_INFINITE_RECURSION = YES;
				CLANG_WARN_INT_CONVERSION = YES;
				CLANG_WARN_NON_LITERAL_NULL_CONVERSION = YES;
				CLANG_WARN_OBJC_LITERAL_CONVERSION = YES;
				CLANG_WARN_OBJC_ROOT_CLASS = YES_ERROR;
				CLANG_WARN_RANGE_LOOP_ANALYSIS = YES;
				CLANG_WARN_STRICT_PROTOTYPES = YES;
				CLANG_WARN_SUSPICIOUS_MOVE = YES;
				CLANG_WARN_UNGUARDED_AVAILABILITY = YES_AGGRESSIVE;
				CLANG_WARN_UNREACHABLE_CODE = YES;
				CLANG_WARN__DUPLICATE_METHOD_MATCH = YES;
				CODE_SIGN_IDENTITY = "iPhone Developer";
				COPY_PHASE_STRIP = NO;
				DEBUG_INFORMATION_FORMAT = "dwarf-with-dsym";
				ENABLE_NS_ASSERTIONS = NO;
				ENABLE_STRICT_OBJC_MSGSEND = YES;
				GCC_C_LANGUAGE_STANDARD = gnu11;
				GCC_NO_COMMON_BLOCKS = YES;
				GCC_WARN_64_TO_32_BIT_CONVERSION = YES;
				GCC_WARN_ABOUT_RETURN_TYPE = YES_ERROR;
				GCC_WARN_UNDECLARED_SELECTOR = YES;
				GCC_WARN_UNINITIALIZED_AUTOS = YES_AGGRESSIVE;
				GCC_WARN_UNUSED_FUNCTION = YES;
				GCC_WARN_UNUSED_VARIABLE = YES;
				IPHONEOS_DEPLOYMENT_TARGET = 11.2;
				MTL_ENABLE_DEBUG_INFO = NO;
				SDKROOT = iphoneos;
				SWIFT_OPTIMIZATION_LEVEL = "-Owholemodule";
				VALIDATE_PRODUCT = YES;
			};
			name = Release;
		};
		BFCFDB49206F0A2F00365701 /* Debug */ = {
			isa = XCBuildConfiguration;
			buildSettings = {
				ASSETCATALOG_COMPILER_APPICON_NAME = AppIcon;
				CODE_SIGN_STYLE = Automatic;
				DEVELOPMENT_TEAM = 8ADP3UVM5F;
				INFOPLIST_FILE = "project-11/Info.plist";
				LD_RUNPATH_SEARCH_PATHS = "$(inherited) @executable_path/Frameworks";
				PRODUCT_BUNDLE_IDENTIFIER = "com.amreinhard.project-11";
				PRODUCT_NAME = "$(TARGET_NAME)";
				SWIFT_VERSION = 4.0;
				TARGETED_DEVICE_FAMILY = "1,2";
			};
			name = Debug;
		};
		BFCFDB4A206F0A2F00365701 /* Release */ = {
			isa = XCBuildConfiguration;
			buildSettings = {
				ASSETCATALOG_COMPILER_APPICON_NAME = AppIcon;
				CODE_SIGN_STYLE = Automatic;
				DEVELOPMENT_TEAM = 8ADP3UVM5F;
				INFOPLIST_FILE = "project-11/Info.plist";
				LD_RUNPATH_SEARCH_PATHS = "$(inherited) @executable_path/Frameworks";
				PRODUCT_BUNDLE_IDENTIFIER = "com.amreinhard.project-11";
				PRODUCT_NAME = "$(TARGET_NAME)";
				SWIFT_VERSION = 4.0;
				TARGETED_DEVICE_FAMILY = "1,2";
			};
			name = Release;
		};
/* End XCBuildConfiguration section */

/* Begin XCConfigurationList section */
		BFCFDB2B206F0A2F00365701 /* Build configuration list for PBXProject "project-11" */ = {
			isa = XCConfigurationList;
			buildConfigurations = (
				BFCFDB46206F0A2F00365701 /* Debug */,
				BFCFDB47206F0A2F00365701 /* Release */,
			);
			defaultConfigurationIsVisible = 0;
			defaultConfigurationName = Release;
		};
		BFCFDB48206F0A2F00365701 /* Build configuration list for PBXNativeTarget "project-11" */ = {
			isa = XCConfigurationList;
			buildConfigurations = (
				BFCFDB49206F0A2F00365701 /* Debug */,
				BFCFDB4A206F0A2F00365701 /* Release */,
			);
			defaultConfigurationIsVisible = 0;
			defaultConfigurationName = Release;
		};
/* End XCConfigurationList section */
	};
	rootObject = BFCFDB28206F0A2F00365701 /* Project object */;
}
